
Microsoft Visual Studio Solution File, Format Version 12.00
# Visual Studio Version 17
VisualStudioVersion = 17.14.36518.9 d17.14
MinimumVisualStudioVersion = 10.0.40219.1
Project("{FAE04EC0-301F-11D3-BF4B-00C04F79EFBC}") = "TRPO9", "TRPO9\TRPO9.csproj", "{B824D348-1D53-4C34-B610-9160A13FA59A}"
EndProject
Global
	GlobalSection(SolutionConfigurationPlatforms) = preSolution
		Debug|Any CPU = Debug|Any CPU
		Release|Any CPU = Release|Any CPU
	EndGlobalSection
	GlobalSection(ProjectConfigurationPlatforms) = postSolution
		{B824D348-1D53-4C34-B610-9160A13FA59A}.Debug|Any CPU.ActiveCfg = Debug|Any CPU
		{B824D348-1D53-4C34-B610-9160A13FA59A}.Debug|Any CPU.Build.0 = Debug|Any CPU
		{B824D348-1D53-4C34-B610-9160A13FA59A}.Release|Any CPU.ActiveCfg = Release|Any CPU
		{B824D348-1D53-4C34-B610-9160A13FA59A}.Release|Any CPU.Build.0 = Release|Any CPU
	EndGlobalSection
	GlobalSection(SolutionProperties) = preSolution
		HideSolutionNode = FALSE
	EndGlobalSection
	GlobalSection(ExtensibilityGlobals) = postSolution
		SolutionGuid = {2ED18CF0-1C6F-4429-B96B-C62BE8060926}
	EndGlobalSection
EndGlobal
